
Microsoft Visual Studio Solution File, Format Version 12.00
# Visual Studio Version 17
VisualStudioVersion = 17.2.32526.322
MinimumVisualStudioVersion = 10.0.40219.1
Project("{FAE04EC0-301F-11D3-BF4B-00C04F79EFBC}") = "Homework_2_PivniukOlha", "Homework_2_PivniukOlha\Homework_2_PivniukOlha.csproj", "{F7260666-B1F0-4055-8580-636658414B39}"
EndProject
Global
	GlobalSection(SolutionConfigurationPlatforms) = preSolution
		Debug|Any CPU = Debug|Any CPU
		Release|Any CPU = Release|Any CPU
	EndGlobalSection
	GlobalSection(ProjectConfigurationPlatforms) = postSolution
		{F7260666-B1F0-4055-8580-636658414B39}.Debug|Any CPU.ActiveCfg = Debug|Any CPU
		{F7260666-B1F0-4055-8580-636658414B39}.Debug|Any CPU.Build.0 = Debug|Any CPU
		{F7260666-B1F0-4055-8580-636658414B39}.Release|Any CPU.ActiveCfg = Release|Any CPU
		{F7260666-B1F0-4055-8580-636658414B39}.Release|Any CPU.Build.0 = Release|Any CPU
	EndGlobalSection
	GlobalSection(SolutionProperties) = preSolution
		HideSolutionNode = FALSE
	EndGlobalSection
	GlobalSection(ExtensibilityGlobals) = postSolution
		SolutionGuid = {DE144DAC-B9BA-4E45-988E-A4909E4FB5DF}
	EndGlobalSection
EndGlobal
